
Microsoft Visual Studio Solution File, Format Version 12.00
# Visual Studio Version 17
VisualStudioVersion = 17.8.34601.278
MinimumVisualStudioVersion = 10.0.40219.1
Project("{9A19103F-16F7-4668-BE54-9A1E7A4F7556}") = "SecureCoding", "SecureCoding.csproj", "{5002200A-2388-4D48-B0A1-AAA86EDE57F1}"
EndProject
Project("{FAE04EC0-301F-11D3-BF4B-00C04F79EFBC}") = "Analyzers", "..\Analyzers\Analyzers\Analyzers.csproj", "{318B4ED7-97CD-4AC9-9EF2-DA3E5E191918}"
EndProject
Project("{FAE04EC0-301F-11D3-BF4B-00C04F79EFBC}") = "Analyzers.CodeFixes", "..\Analyzers\Analyzers.CodeFixes\Analyzers.CodeFixes.csproj", "{BDE22934-2736-4679-8D88-56574F81609C}"
EndProject
Project("{FAE04EC0-301F-11D3-BF4B-00C04F79EFBC}") = "Analyzers.Package", "..\Analyzers\Analyzers.Package\Analyzers.Package.csproj", "{23BD95AB-BB58-4C15-853A-2FE8382B0D49}"
EndProject
Project("{FAE04EC0-301F-11D3-BF4B-00C04F79EFBC}") = "Analyzers.Test", "..\Analyzers\Analyzers.Test\Analyzers.Test.csproj", "{773C2087-362C-4E9B-BD8D-E09EF52ECF27}"
EndProject
Project("{FAE04EC0-301F-11D3-BF4B-00C04F79EFBC}") = "Analyzers.Vsix", "..\Analyzers\Analyzers.Vsix\Analyzers.Vsix.csproj", "{EF216032-0A6B-4959-A077-5FA5432EFB2A}"
EndProject
Global
	GlobalSection(SolutionConfigurationPlatforms) = preSolution
		Debug|Any CPU = Debug|Any CPU
		Release|Any CPU = Release|Any CPU
	EndGlobalSection
	GlobalSection(ProjectConfigurationPlatforms) = postSolution
		{5002200A-2388-4D48-B0A1-AAA86EDE57F1}.Debug|Any CPU.ActiveCfg = Debug|Any CPU
		{5002200A-2388-4D48-B0A1-AAA86EDE57F1}.Debug|Any CPU.Build.0 = Debug|Any CPU
		{5002200A-2388-4D48-B0A1-AAA86EDE57F1}.Release|Any CPU.ActiveCfg = Release|Any CPU
		{5002200A-2388-4D48-B0A1-AAA86EDE57F1}.Release|Any CPU.Build.0 = Release|Any CPU
		{318B4ED7-97CD-4AC9-9EF2-DA3E5E191918}.Debug|Any CPU.ActiveCfg = Debug|Any CPU
		{318B4ED7-97CD-4AC9-9EF2-DA3E5E191918}.Debug|Any CPU.Build.0 = Debug|Any CPU
		{318B4ED7-97CD-4AC9-9EF2-DA3E5E191918}.Release|Any CPU.ActiveCfg = Release|Any CPU
		{318B4ED7-97CD-4AC9-9EF2-DA3E5E191918}.Release|Any CPU.Build.0 = Release|Any CPU
		{BDE22934-2736-4679-8D88-56574F81609C}.Debug|Any CPU.ActiveCfg = Debug|Any CPU
		{BDE22934-2736-4679-8D88-56574F81609C}.Debug|Any CPU.Build.0 = Debug|Any CPU
		{BDE22934-2736-4679-8D88-56574F81609C}.Release|Any CPU.ActiveCfg = Release|Any CPU
		{BDE22934-2736-4679-8D88-56574F81609C}.Release|Any CPU.Build.0 = Release|Any CPU
		{23BD95AB-BB58-4C15-853A-2FE8382B0D49}.Debug|Any CPU.ActiveCfg = Debug|Any CPU
		{23BD95AB-BB58-4C15-853A-2FE8382B0D49}.Debug|Any CPU.Build.0 = Debug|Any CPU
		{23BD95AB-BB58-4C15-853A-2FE8382B0D49}.Release|Any CPU.ActiveCfg = Release|Any CPU
		{23BD95AB-BB58-4C15-853A-2FE8382B0D49}.Release|Any CPU.Build.0 = Release|Any CPU
		{773C2087-362C-4E9B-BD8D-E09EF52ECF27}.Debug|Any CPU.ActiveCfg = Debug|Any CPU
		{773C2087-362C-4E9B-BD8D-E09EF52ECF27}.Debug|Any CPU.Build.0 = Debug|Any CPU
		{773C2087-362C-4E9B-BD8D-E09EF52ECF27}.Release|Any CPU.ActiveCfg = Release|Any CPU
		{773C2087-362C-4E9B-BD8D-E09EF52ECF27}.Release|Any CPU.Build.0 = Release|Any CPU
		{EF216032-0A6B-4959-A077-5FA5432EFB2A}.Debug|Any CPU.ActiveCfg = Debug|Any CPU
		{EF216032-0A6B-4959-A077-5FA5432EFB2A}.Debug|Any CPU.Build.0 = Debug|Any CPU
		{EF216032-0A6B-4959-A077-5FA5432EFB2A}.Release|Any CPU.ActiveCfg = Release|Any CPU
		{EF216032-0A6B-4959-A077-5FA5432EFB2A}.Release|Any CPU.Build.0 = Release|Any CPU
	EndGlobalSection
	GlobalSection(SolutionProperties) = preSolution
		HideSolutionNode = FALSE
	EndGlobalSection
	GlobalSection(ExtensibilityGlobals) = postSolution
		SolutionGuid = {0F8F9731-F395-4FEE-81DC-340E01DCFE8C}
	EndGlobalSection
EndGlobal
